// !$*UTF8*$!
{
	archiveVersion = 1;
	classes = {
	};
	objectVersion = 55;
	objects = {

/* Begin PBXBuildFile section */
		5D07497E2747CA8800D68073 /* AppDelegate.swift in Sources */ = {isa = PBXBuildFile; fileRef = 5D07497D2747CA8800D68073 /* AppDelegate.swift */; };
		5D0749802747CA8800D68073 /* SceneDelegate.swift in Sources */ = {isa = PBXBuildFile; fileRef = 5D07497F2747CA8800D68073 /* SceneDelegate.swift */; };
		5D0749822747CA8800D68073 /* ViewController.swift in Sources */ = {isa = PBXBuildFile; fileRef = 5D0749812747CA8800D68073 /* ViewController.swift */; };
		5D0749852747CA8800D68073 /* Main.storyboard in Resources */ = {isa = PBXBuildFile; fileRef = 5D0749832747CA8800D68073 /* Main.storyboard */; };
		5D0749872747CA8B00D68073 /* Assets.xcassets in Resources */ = {isa = PBXBuildFile; fileRef = 5D0749862747CA8B00D68073 /* Assets.xcassets */; };
		5D07498A2747CA8B00D68073 /* LaunchScreen.storyboard in Resources */ = {isa = PBXBuildFile; fileRef = 5D0749882747CA8B00D68073 /* LaunchScreen.storyboard */; };
		5D0749942747D54000D68073 /* CustomView.xib in Resources */ = {isa = PBXBuildFile; fileRef = 5D0749932747D54000D68073 /* CustomView.xib */; };
		5D0749962747D6FA00D68073 /* CustomView.swift in Sources */ = {isa = PBXBuildFile; fileRef = 5D0749952747D6FA00D68073 /* CustomView.swift */; };
		5DAE48DB27494F3A00C14974 /* SecondCustomView.xib in Resources */ = {isa = PBXBuildFile; fileRef = 5DAE48DA27494F3A00C14974 /* SecondCustomView.xib */; };
		5DAE48DD27498A9600C14974 /* SecondCustomView.swift in Sources */ = {isa = PBXBuildFile; fileRef = 5DAE48DC27498A9500C14974 /* SecondCustomView.swift */; };
		5DAE48DF27498CB200C14974 /* ExtensionUIView.swift in Sources */ = {isa = PBXBuildFile; fileRef = 5DAE48DE27498CB200C14974 /* ExtensionUIView.swift */; };
		5DAE48E2274AE91100C14974 /* Constants.swift in Sources */ = {isa = PBXBuildFile; fileRef = 5DAE48E1274AE91100C14974 /* Constants.swift */; };
		5DAE48E6274AFA0300C14974 /* ThirdCustomView.xib in Resources */ = {isa = PBXBuildFile; fileRef = 5DAE48E5274AFA0300C14974 /* ThirdCustomView.xib */; };
		5DAE48E8274AFA8900C14974 /* ThirdCustomView.swift in Sources */ = {isa = PBXBuildFile; fileRef = 5DAE48E7274AFA8900C14974 /* ThirdCustomView.swift */; };
		5DAE48EB274D567800C14974 /* ExtencionNSLayoutConstraint.swift in Sources */ = {isa = PBXBuildFile; fileRef = 5DAE48EA274D567800C14974 /* ExtencionNSLayoutConstraint.swift */; };
/* End PBXBuildFile section */

/* Begin PBXFileReference section */
		5D07497A2747CA8800D68073 /* customElement+Stack.app */ = {isa = PBXFileReference; explicitFileType = wrapper.application; includeInIndex = 0; path = "customElement+Stack.app"; sourceTree = BUILT_PRODUCTS_DIR; };
		5D07497D2747CA8800D68073 /* AppDelegate.swift */ = {isa = PBXFileReference; lastKnownFileType = sourcecode.swift; path = AppDelegate.swift; sourceTree = "<group>"; };
		5D07497F2747CA8800D68073 /* SceneDelegate.swift */ = {isa = PBXFileReference; lastKnownFileType = sourcecode.swift; path = SceneDelegate.swift; sourceTree = "<group>"; };
		5D0749812747CA8800D68073 /* ViewController.swift */ = {isa = PBXFileReference; lastKnownFileType = sourcecode.swift; path = ViewController.swift; sourceTree = "<group>"; };
		5D0749842747CA8800D68073 /* Base */ = {isa = PBXFileReference; lastKnownFileType = file.storyboard; name = Base; path = Base.lproj/Main.storyboard; sourceTree = "<group>"; };
		5D0749862747CA8B00D68073 /* Assets.xcassets */ = {isa = PBXFileReference; lastKnownFileType = folder.assetcatalog; path = Assets.xcassets; sourceTree = "<group>"; };
		5D0749892747CA8B00D68073 /* Base */ = {isa = PBXFileReference; lastKnownFileType = file.storyboard; name = Base; path = Base.lproj/LaunchScreen.storyboard; sourceTree = "<group>"; };
		5D07498B2747CA8B00D68073 /* Info.plist */ = {isa = PBXFileReference; lastKnownFileType = text.plist.xml; path = Info.plist; sourceTree = "<group>"; };
		5D0749932747D54000D68073 /* CustomView.xib */ = {isa = PBXFileReference; lastKnownFileType = file.xib; path = CustomView.xib; sourceTree = "<group>"; };
		5D0749952747D6FA00D68073 /* CustomView.swift */ = {isa = PBXFileReference; lastKnownFileType = sourcecode.swift; path = CustomView.swift; sourceTree = "<group>"; };
		5DAE48DA27494F3A00C14974 /* SecondCustomView.xib */ = {isa = PBXFileReference; lastKnownFileType = file.xib; path = SecondCustomView.xib; sourceTree = "<group>"; };
		5DAE48DC27498A9500C14974 /* SecondCustomView.swift */ = {isa = PBXFileReference; lastKnownFileType = sourcecode.swift; path = SecondCustomView.swift; sourceTree = "<group>"; };
		5DAE48DE27498CB200C14974 /* ExtensionUIView.swift */ = {isa = PBXFileReference; lastKnownFileType = sourcecode.swift; path = ExtensionUIView.swift; sourceTree = "<group>"; };
		5DAE48E1274AE91100C14974 /* Constants.swift */ = {isa = PBXFileReference; lastKnownFileType = sourcecode.swift; path = Constants.swift; sourceTree = "<group>"; };
		5DAE48E5274AFA0300C14974 /* ThirdCustomView.xib */ = {isa = PBXFileReference; lastKnownFileType = file.xib; path = ThirdCustomView.xib; sourceTree = "<group>"; };
		5DAE48E7274AFA8900C14974 /* ThirdCustomView.swift */ = {isa = PBXFileReference; lastKnownFileType = sourcecode.swift; path = ThirdCustomView.swift; sourceTree = "<group>"; };
		5DAE48EA274D567800C14974 /* ExtencionNSLayoutConstraint.swift */ = {isa = PBXFileReference; lastKnownFileType = sourcecode.swift; path = ExtencionNSLayoutConstraint.swift; sourceTree = "<group>"; };
/* End PBXFileReference section */

/* Begin PBXFrameworksBuildPhase section */
		5D0749772747CA8800D68073 /* Frameworks */ = {
			isa = PBXFrameworksBuildPhase;
			buildActionMask = 2147483647;
			files = (
			);
			runOnlyForDeploymentPostprocessing = 0;
		};
/* End PBXFrameworksBuildPhase section */

/* Begin PBXGroup section */
		5D0749712747CA8800D68073 = {
			isa = PBXGroup;
			children = (
				5D07497C2747CA8800D68073 /* customElement+Stack */,
				5D07497B2747CA8800D68073 /* Products */,
			);
			sourceTree = "<group>";
		};
		5D07497B2747CA8800D68073 /* Products */ = {
			isa = PBXGroup;
			children = (
				5D07497A2747CA8800D68073 /* customElement+Stack.app */,
			);
			name = Products;
			sourceTree = "<group>";
		};
		5D07497C2747CA8800D68073 /* customElement+Stack */ = {
			isa = PBXGroup;
			children = (
				5DAE48E3274AF69200C14974 /* Constants */,
				5DAE48E027498DC500C14974 /* Extensions */,
				5DAE48D92747F05D00C14974 /* MainView */,
				5DAE48D82747E7BC00C14974 /* FirstCustomElement */,
				5DAE48E4274AF6A300C14974 /* SecondCustomView */,
				5DAE48E9274B76A700C14974 /* ThirdCustomView */,
				5D07497D2747CA8800D68073 /* AppDelegate.swift */,
				5D07497F2747CA8800D68073 /* SceneDelegate.swift */,
				5D0749862747CA8B00D68073 /* Assets.xcassets */,
				5D0749882747CA8B00D68073 /* LaunchScreen.storyboard */,
				5D07498B2747CA8B00D68073 /* Info.plist */,
			);
			path = "customElement+Stack";
			sourceTree = "<group>";
		};
		5DAE48D82747E7BC00C14974 /* FirstCustomElement */ = {
			isa = PBXGroup;
			children = (
				5D0749952747D6FA00D68073 /* CustomView.swift */,
				5D0749932747D54000D68073 /* CustomView.xib */,
			);
			path = FirstCustomElement;
			sourceTree = "<group>";
		};
		5DAE48D92747F05D00C14974 /* MainView */ = {
			isa = PBXGroup;
			children = (
				5D0749812747CA8800D68073 /* ViewController.swift */,
				5D0749832747CA8800D68073 /* Main.storyboard */,
			);
			path = MainView;
			sourceTree = "<group>";
		};
		5DAE48E027498DC500C14974 /* Extensions */ = {
			isa = PBXGroup;
			children = (
				5DAE48DE27498CB200C14974 /* ExtensionUIView.swift */,
				5DAE48EA274D567800C14974 /* ExtencionNSLayoutConstraint.swift */,
			);
			path = Extensions;
			sourceTree = "<group>";
		};
		5DAE48E3274AF69200C14974 /* Constants */ = {
			isa = PBXGroup;
			children = (
				5DAE48E1274AE91100C14974 /* Constants.swift */,
			);
			path = Constants;
			sourceTree = "<group>";
		};
		5DAE48E4274AF6A300C14974 /* SecondCustomView */ = {
			isa = PBXGroup;
			children = (
				5DAE48DC27498A9500C14974 /* SecondCustomView.swift */,
				5DAE48DA27494F3A00C14974 /* SecondCustomView.xib */,
			);
			path = SecondCustomView;
			sourceTree = "<group>";
		};
		5DAE48E9274B76A700C14974 /* ThirdCustomView */ = {
			isa = PBXGroup;
			children = (
				5DAE48E7274AFA8900C14974 /* ThirdCustomView.swift */,
				5DAE48E5274AFA0300C14974 /* ThirdCustomView.xib */,
			);
			path = ThirdCustomView;
			sourceTree = "<group>";
		};
/* End PBXGroup section */

/* Begin PBXNativeTarget section */
		5D0749792747CA8800D68073 /* customElement+Stack */ = {
			isa = PBXNativeTarget;
			buildConfigurationList = 5D07498E2747CA8B00D68073 /* Build configuration list for PBXNativeTarget "customElement+Stack" */;
			buildPhases = (
				5D0749762747CA8800D68073 /* Sources */,
				5D0749772747CA8800D68073 /* Frameworks */,
				5D0749782747CA8800D68073 /* Resources */,
			);
			buildRules = (
			);
			dependencies = (
			);
			name = "customElement+Stack";
			productName = "customElement+Stack";
			productReference = 5D07497A2747CA8800D68073 /* customElement+Stack.app */;
			productType = "com.apple.product-type.application";
		};
/* End PBXNativeTarget section */

/* Begin PBXProject section */
		5D0749722747CA8800D68073 /* Project object */ = {
			isa = PBXProject;
			attributes = {
				BuildIndependentTargetsInParallel = 1;
				LastSwiftUpdateCheck = 1300;
				LastUpgradeCheck = 1300;
				TargetAttributes = {
					5D0749792747CA8800D68073 = {
						CreatedOnToolsVersion = 13.0;
					};
				};
			};
			buildConfigurationList = 5D0749752747CA8800D68073 /* Build configuration list for PBXProject "customElement+Stack" */;
			compatibilityVersion = "Xcode 13.0";
			developmentRegion = en;
			hasScannedForEncodings = 0;
			knownRegions = (
				en,
				Base,
			);
			mainGroup = 5D0749712747CA8800D68073;
			productRefGroup = 5D07497B2747CA8800D68073 /* Products */;
			projectDirPath = "";
			projectRoot = "";
			targets = (
				5D0749792747CA8800D68073 /* customElement+Stack */,
			);
		};
/* End PBXProject section */

/* Begin PBXResourcesBuildPhase section */
		5D0749782747CA8800D68073 /* Resources */ = {
			isa = PBXResourcesBuildPhase;
			buildActionMask = 2147483647;
			files = (
				5D07498A2747CA8B00D68073 /* LaunchScreen.storyboard in Resources */,
				5D0749942747D54000D68073 /* CustomView.xib in Resources */,
				5D0749872747CA8B00D68073 /* Assets.xcassets in Resources */,
				5D0749852747CA8800D68073 /* Main.storyboard in Resources */,
				5DAE48DB27494F3A00C14974 /* SecondCustomView.xib in Resources */,
				5DAE48E6274AFA0300C14974 /* ThirdCustomView.xib in Resources */,
			);
			runOnlyForDeploymentPostprocessing = 0;
		};
/* End PBXResourcesBuildPhase section */

/* Begin PBXSourcesBuildPhase section */
		5D0749762747CA8800D68073 /* Sources */ = {
			isa = PBXSourcesBuildPhase;
			buildActionMask = 2147483647;
			files = (
				5DAE48DF27498CB200C14974 /* ExtensionUIView.swift in Sources */,
				5DAE48E8274AFA8900C14974 /* ThirdCustomView.swift in Sources */,
				5DAE48DD27498A9600C14974 /* SecondCustomView.swift in Sources */,
				5D0749822747CA8800D68073 /* ViewController.swift in Sources */,
				5DAE48EB274D567800C14974 /* ExtencionNSLayoutConstraint.swift in Sources */,
				5D0749962747D6FA00D68073 /* CustomView.swift in Sources */,
				5DAE48E2274AE91100C14974 /* Constants.swift in Sources */,
				5D07497E2747CA8800D68073 /* AppDelegate.swift in Sources */,
				5D0749802747CA8800D68073 /* SceneDelegate.swift in Sources */,
			);
			runOnlyForDeploymentPostprocessing = 0;
		};
/* End PBXSourcesBuildPhase section */

/* Begin PBXVariantGroup section */
		5D0749832747CA8800D68073 /* Main.storyboard */ = {
			isa = PBXVariantGroup;
			children = (
				5D0749842747CA8800D68073 /* Base */,
			);
			name = Main.storyboard;
			sourceTree = "<group>";
		};
		5D0749882747CA8B00D68073 /* LaunchScreen.storyboard */ = {
			isa = PBXVariantGroup;
			children = (
				5D0749892747CA8B00D68073 /* Base */,
			);
			name = LaunchScreen.storyboard;
			sourceTree = "<group>";
		};
/* End PBXVariantGroup section */

/* Begin XCBuildConfiguration section */
		5D07498C2747CA8B00D68073 /* Debug */ = {
			isa = XCBuildConfiguration;
			buildSettings = {
				ALWAYS_SEARCH_USER_PATHS = NO;
				CLANG_ANALYZER_NONNULL = YES;
				CLANG_ANALYZER_NUMBER_OBJECT_CONVERSION = YES_AGGRESSIVE;
				CLANG_CXX_LANGUAGE_STANDARD = "gnu++17";
				CLANG_CXX_LIBRARY = "libc++";
				CLANG_ENABLE_MODULES = YES;
				CLANG_ENABLE_OBJC_ARC = YES;
				CLANG_ENABLE_OBJC_WEAK = YES;
				CLANG_WARN_BLOCK_CAPTURE_AUTORELEASING = YES;
				CLANG_WARN_BOOL_CONVERSION = YES;
				CLANG_WARN_COMMA = YES;
				CLANG_WARN_CONSTANT_CONVERSION = YES;
				CLANG_WARN_DEPRECATED_OBJC_IMPLEMENTATIONS = YES;
				CLANG_WARN_DIRECT_OBJC_ISA_USAGE = YES_ERROR;
				CLANG_WARN_DOCUMENTATION_COMMENTS = YES;
				CLANG_WARN_EMPTY_BODY = YES;
				CLANG_WARN_ENUM_CONVERSION = YES;
				CLANG_WARN_INFINITE_RECURSION = YES;
				CLANG_WARN_INT_CONVERSION = YES;
				CLANG_WARN_NON_LITERAL_NULL_CONVERSION = YES;
				CLANG_WARN_OBJC_IMPLICIT_RETAIN_SELF = YES;
				CLANG_WARN_OBJC_LITERAL_CONVERSION = YES;
				CLANG_WARN_OBJC_ROOT_CLASS = YES_ERROR;
				CLANG_WARN_QUOTED_INCLUDE_IN_FRAMEWORK_HEADER = YES;
				CLANG_WARN_RANGE_LOOP_ANALYSIS = YES;
				CLANG_WARN_STRICT_PROTOTYPES = YES;
				CLANG_WARN_SUSPICIOUS_MOVE = YES;
				CLANG_WARN_UNGUARDED_AVAILABILITY = YES_AGGRESSIVE;
				CLANG_WARN_UNREACHABLE_CODE = YES;
				CLANG_WARN__DUPLICATE_METHOD_MATCH = YES;
				COPY_PHASE_STRIP = NO;
				DEBUG_INFORMATION_FORMAT = dwarf;
				ENABLE_STRICT_OBJC_MSGSEND = YES;
				ENABLE_TESTABILITY = YES;
				GCC_C_LANGUAGE_STANDARD = gnu11;
				GCC_DYNAMIC_NO_PIC = NO;
				GCC_NO_COMMON_BLOCKS = YES;
				GCC_OPTIMIZATION_LEVEL = 0;
				GCC_PREPROCESSOR_DEFINITIONS = (
					"DEBUG=1",
					"$(inherited)",
				);
				GCC_WARN_64_TO_32_BIT_CONVERSION = YES;
				GCC_WARN_ABOUT_RETURN_TYPE = YES_ERROR;
				GCC_WARN_UNDECLARED_SELECTOR = YES;
				GCC_WARN_UNINITIALIZED_AUTOS = YES_AGGRESSIVE;
				GCC_WARN_UNUSED_FUNCTION = YES;
				GCC_WARN_UNUSED_VARIABLE = YES;
				IPHONEOS_DEPLOYMENT_TARGET = 15.0;
				MTL_ENABLE_DEBUG_INFO = INCLUDE_SOURCE;
				MTL_FAST_MATH = YES;
				ONLY_ACTIVE_ARCH = YES;
				SDKROOT = iphoneos;
				SWIFT_ACTIVE_COMPILATION_CONDITIONS = DEBUG;
				SWIFT_OPTIMIZATION_LEVEL = "-Onone";
			};
			name = Debug;
		};
		5D07498D2747CA8B00D68073 /* Release */ = {
			isa = XCBuildConfiguration;
			buildSettings = {
				ALWAYS_SEARCH_USER_PATHS = NO;
				CLANG_ANALYZER_NONNULL = YES;
				CLANG_ANALYZER_NUMBER_OBJECT_CONVERSION = YES_AGGRESSIVE;
				CLANG_CXX_LANGUAGE_STANDARD = "gnu++17";
				CLANG_CXX_LIBRARY = "libc++";
				CLANG_ENABLE_MODULES = YES;
				CLANG_ENABLE_OBJC_ARC = YES;
				CLANG_ENABLE_OBJC_WEAK = YES;
				CLANG_WARN_BLOCK_CAPTURE_AUTORELEASING = YES;
				CLANG_WARN_BOOL_CONVERSION = YES;
				CLANG_WARN_COMMA = YES;
				CLANG_WARN_CONSTANT_CONVERSION = YES;
				CLANG_WARN_DEPRECATED_OBJC_IMPLEMENTATIONS = YES;
				CLANG_WARN_DIRECT_OBJC_ISA_USAGE = YES_ERROR;
				CLANG_WARN_DOCUMENTATION_COMMENTS = YES;
				CLANG_WARN_EMPTY_BODY = YES;
				CLANG_WARN_ENUM_CONVERSION = YES;
				CLANG_WARN_INFINITE_RECURSION = YES;
				CLANG_WARN_INT_CONVERSION = YES;
				CLANG_WARN_NON_LITERAL_NULL_CONVERSION = YES;
				CLANG_WARN_OBJC_IMPLICIT_RETAIN_SELF = YES;
				CLANG_WARN_OBJC_LITERAL_CONVERSION = YES;
				CLANG_WARN_OBJC_ROOT_CLASS = YES_ERROR;
				CLANG_WARN_QUOTED_INCLUDE_IN_FRAMEWORK_HEADER = YES;
				CLANG_WARN_RANGE_LOOP_ANALYSIS = YES;
				CLANG_WARN_STRICT_PROTOTYPES = YES;
				CLANG_WARN_SUSPICIOUS_MOVE = YES;
				CLANG_WARN_UNGUARDED_AVAILABILITY = YES_AGGRESSIVE;
				CLANG_WARN_UNREACHABLE_CODE = YES;
				CLANG_WARN__DUPLICATE_METHOD_MATCH = YES;
				COPY_PHASE_STRIP = NO;
				DEBUG_INFORMATION_FORMAT = "dwarf-with-dsym";
				ENABLE_NS_ASSERTIONS = NO;
				ENABLE_STRICT_OBJC_MSGSEND = YES;
				GCC_C_LANGUAGE_STANDARD = gnu11;
				GCC_NO_COMMON_BLOCKS = YES;
				GCC_WARN_64_TO_32_BIT_CONVERSION = YES;
				GCC_WARN_ABOUT_RETURN_TYPE = YES_ERROR;
				GCC_WARN_UNDECLARED_SELECTOR = YES;
				GCC_WARN_UNINITIALIZED_AUTOS = YES_AGGRESSIVE;
				GCC_WARN_UNUSED_FUNCTION = YES;
				GCC_WARN_UNUSED_VARIABLE = YES;
				IPHONEOS_DEPLOYMENT_TARGET = 15.0;
				MTL_ENABLE_DEBUG_INFO = NO;
				MTL_FAST_MATH = YES;
				SDKROOT = iphoneos;
				SWIFT_COMPILATION_MODE = wholemodule;
				SWIFT_OPTIMIZATION_LEVEL = "-O";
				VALIDATE_PRODUCT = YES;
			};
			name = Release;
		};
		5D07498F2747CA8B00D68073 /* Debug */ = {
			isa = XCBuildConfiguration;
			buildSettings = {
				ASSETCATALOG_COMPILER_APPICON_NAME = AppIcon;
				ASSETCATALOG_COMPILER_GLOBAL_ACCENT_COLOR_NAME = AccentColor;
				CODE_SIGN_STYLE = Automatic;
				CURRENT_PROJECT_VERSION = 1;
				DEVELOPMENT_TEAM = AUFF2LHR2A;
				GENERATE_INFOPLIST_FILE = YES;
				INFOPLIST_FILE = "customElement+Stack/Info.plist";
				INFOPLIST_KEY_UIApplicationSupportsIndirectInputEvents = YES;
				INFOPLIST_KEY_UILaunchStoryboardName = LaunchScreen;
				INFOPLIST_KEY_UIMainStoryboardFile = Main;
				INFOPLIST_KEY_UISupportedInterfaceOrientations_iPad = "UIInterfaceOrientationPortrait UIInterfaceOrientationPortraitUpsideDown UIInterfaceOrientationLandscapeLeft UIInterfaceOrientationLandscapeRight";
				INFOPLIST_KEY_UISupportedInterfaceOrientations_iPhone = "UIInterfaceOrientationPortrait UIInterfaceOrientationLandscapeLeft UIInterfaceOrientationLandscapeRight";
				LD_RUNPATH_SEARCH_PATHS = (
					"$(inherited)",
					"@executable_path/Frameworks",
				);
				MARKETING_VERSION = 1.0;
				PRODUCT_BUNDLE_IDENTIFIER = "com.asta.customElement-Stack";
				PRODUCT_NAME = "$(TARGET_NAME)";
				SWIFT_EMIT_LOC_STRINGS = YES;
				SWIFT_VERSION = 5.0;
				TARGETED_DEVICE_FAMILY = "1,2";
			};
			name = Debug;
		};
		5D0749902747CA8B00D68073 /* Release */ = {
			isa = XCBuildConfiguration;
			buildSettings = {
				ASSETCATALOG_COMPILER_APPICON_NAME = AppIcon;
				ASSETCATALOG_COMPILER_GLOBAL_ACCENT_COLOR_NAME = AccentColor;
				CODE_SIGN_STYLE = Automatic;
				CURRENT_PROJECT_VERSION = 1;
				DEVELOPMENT_TEAM = AUFF2LHR2A;
				GENERATE_INFOPLIST_FILE = YES;
				INFOPLIST_FILE = "customElement+Stack/Info.plist";
				INFOPLIST_KEY_UIApplicationSupportsIndirectInputEvents = YES;
				INFOPLIST_KEY_UILaunchStoryboardName = LaunchScreen;
				INFOPLIST_KEY_UIMainStoryboardFile = Main;
				INFOPLIST_KEY_UISupportedInterfaceOrientations_iPad = "UIInterfaceOrientationPortrait UIInterfaceOrientationPortraitUpsideDown UIInterfaceOrientationLandscapeLeft UIInterfaceOrientationLandscapeRight";
				INFOPLIST_KEY_UISupportedInterfaceOrientations_iPhone = "UIInterfaceOrientationPortrait UIInterfaceOrientationLandscapeLeft UIInterfaceOrientationLandscapeRight";
				LD_RUNPATH_SEARCH_PATHS = (
					"$(inherited)",
					"@executable_path/Frameworks",
				);
				MARKETING_VERSION = 1.0;
				PRODUCT_BUNDLE_IDENTIFIER = "com.asta.customElement-Stack";
				PRODUCT_NAME = "$(TARGET_NAME)";
				SWIFT_EMIT_LOC_STRINGS = YES;
				SWIFT_VERSION = 5.0;
				TARGETED_DEVICE_FAMILY = "1,2";
			};
			name = Release;
		};
/* End XCBuildConfiguration section */

/* Begin XCConfigurationList section */
		5D0749752747CA8800D68073 /* Build configuration list for PBXProject "customElement+Stack" */ = {
			isa = XCConfigurationList;
			buildConfigurations = (
				5D07498C2747CA8B00D68073 /* Debug */,
				5D07498D2747CA8B00D68073 /* Release */,
			);
			defaultConfigurationIsVisible = 0;
			defaultConfigurationName = Release;
		};
		5D07498E2747CA8B00D68073 /* Build configuration list for PBXNativeTarget "customElement+Stack" */ = {
			isa = XCConfigurationList;
			buildConfigurations = (
				5D07498F2747CA8B00D68073 /* Debug */,
				5D0749902747CA8B00D68073 /* Release */,
			);
			defaultConfigurationIsVisible = 0;
			defaultConfigurationName = Release;
		};
/* End XCConfigurationList section */
	};
	rootObject = 5D0749722747CA8800D68073 /* Project object */;
}
